# This file is automatically @generated by Poetry 2.1.3 and should not be changed by hand.

[[package]]
name = "cfgv"
version = "3.4.0"
description = "Validate configuration and produce human readable error messages."
optional = false
python-versions = ">=3.8"
groups = ["dev"]
files = [
    {file = "cfgv-3.4.0-py2.py3-none-any.whl", hash = "sha256:b7265b1f29fd3316bfcd2b330d63d024f2bfd8bcb8b0272f8e19a504856c48f9"},
    {file = "cfgv-3.4.0.tar.gz", hash = "sha256:e52591d4c5f5dead8e0f673fb16db7949d2cfb3f7da4582893288f0ded8fe560"},
]

[[package]]
name = "colorama"
version = "0.4.6"
description = "Cross-platform colored terminal text."
optional = false
python-versions = "!=3.0.*,!=3.1.*,!=3.2.*,!=3.3.*,!=3.4.*,!=3.5.*,!=3.6.*,>=2.7"
groups = ["dev"]
markers = "sys_platform == \"win32\""
files = [
    {file = "colorama-0.4.6-py2.py3-none-any.whl", hash = "sha256:4f1d9991f5acc0ca119f9d443620b77f9d6b33703e51011c16baf57afb285fc6"},
    {file = "colorama-0.4.6.tar.gz", hash = "sha256:08695f5cb7ed6e0531a20572697297273c47b8cae5a63ffc6d6ed5c201be6e44"},
]

[[package]]
name = "distlib"
version = "0.3.7"
description = "Distribution utilities"
optional = false
python-versions = "*"
groups = ["dev"]
files = [
    {file = "distlib-0.3.7-py2.py3-none-any.whl", hash = "sha256:2e24928bc811348f0feb63014e97aaae3037f2cf48712d51ae61df7fd6075057"},
    {file = "distlib-0.3.7.tar.gz", hash = "sha256:9dafe54b34a028eafd95039d5e5d4851a13734540f1331060d31c9916e7147a8"},
]

[[package]]
name = "exceptiongroup"
version = "1.2.0"
description = "Backport of PEP 654 (exception groups)"
optional = false
python-versions = ">=3.7"
groups = ["dev"]
markers = "python_version == \"3.10\""
files = [
    {file = "exceptiongroup-1.2.0-py3-none-any.whl", hash = "sha256:4bfd3996ac73b41e9b9628b04e079f193850720ea5945fc96a08633c66912f14"},
    {file = "exceptiongroup-1.2.0.tar.gz", hash = "sha256:91f5c769735f051a4290d52edd0858999b57e5876e9f85937691bd4c9fa3ed68"},
]

[package.extras]
test = ["pytest (>=6)"]

[[package]]
name = "filelock"
version = "3.13.1"
description = "A platform independent file lock."
optional = false
python-versions = ">=3.8"
groups = ["dev"]
files = [
    {file = "filelock-3.13.1-py3-none-any.whl", hash = "sha256:57dbda9b35157b05fb3e58ee91448612eb674172fab98ee235ccb0b5bee19a1c"},
    {file = "filelock-3.13.1.tar.gz", hash = "sha256:521f5f56c50f8426f5e03ad3b281b490a87ef15bc6c526f168290f0c7148d44e"},
]

[package.extras]
docs = ["furo (>=2023.9.10)", "sphinx (>=7.2.6)", "sphinx-autodoc-typehints (>=1.24)"]
testing = ["covdefaults (>=2.3)", "coverage (>=7.3.2)", "diff-cover (>=8)", "pytest (>=7.4.3)", "pytest-cov (>=4.1)", "pytest-mock (>=3.12)", "pytest-timeout (>=2.2)"]
typing = ["typing-extensions (>=4.8) ; python_version < \"3.11\""]

[[package]]
name = "identify"
version = "2.5.32"
description = "File identification library for Python"
optional = false
python-versions = ">=3.8"
groups = ["dev"]
files = [
    {file = "identify-2.5.32-py2.py3-none-any.whl", hash = "sha256:0b7656ef6cba81664b783352c73f8c24b39cf82f926f78f4550eda928e5e0545"},
    {file = "identify-2.5.32.tar.gz", hash = "sha256:5d9979348ec1a21c768ae07e0a652924538e8bce67313a73cb0f681cf08ba407"},
]

[package.extras]
license = ["ukkonen"]

[[package]]
name = "iniconfig"
version = "2.0.0"
description = "brain-dead simple config-ini parsing"
optional = false
python-versions = ">=3.7"
groups = ["dev"]
files = [
    {file = "iniconfig-2.0.0-py3-none-any.whl", hash = "sha256:b6a85871a79d2e3b22d2d1b94ac2824226a63c6b741c88f7ae975f18b6778374"},
    {file = "iniconfig-2.0.0.tar.gz", hash = "sha256:2d91e135bf72d31a410b17c16da610a82cb55f6b0477d1a902134b24a455b8b3"},
]

[[package]]
name = "nodeenv"
version = "1.8.0"
description = "Node.js virtual environment builder"
optional = false
python-versions = ">=2.7,!=3.0.*,!=3.1.*,!=3.2.*,!=3.3.*,!=3.4.*,!=3.5.*,!=3.6.*"
groups = ["dev"]
files = [
    {file = "nodeenv-1.8.0-py2.py3-none-any.whl", hash = "sha256:df865724bb3c3adc86b3876fa209771517b0cfe596beff01a92700e0e8be4cec"},
    {file = "nodeenv-1.8.0.tar.gz", hash = "sha256:d51e0c37e64fbf47d017feac3145cdbb58836d7eee8c6f6d3b6880c5456227d2"},
]

[package.dependencies]
setuptools = "*"

[[package]]
name = "numpy"
version = "2.0.2"
description = "Fundamental package for array computing in Python"
optional = false
python-versions = ">=3.9"
groups = ["main"]
files = [
    {file = "numpy-2.0.2-cp310-cp310-macosx_10_9_x86_64.whl", hash = "sha256:51129a29dbe56f9ca83438b706e2e69a39892b5eda6cedcb6b0c9fdc9b0d3ece"},
    {file = "numpy-2.0.2-cp310-cp310-macosx_11_0_arm64.whl", hash = "sha256:f15975dfec0cf2239224d80e32c3170b1d168335eaedee69da84fbe9f1f9cd04"},
    {file = "numpy-2.0.2-cp310-cp310-macosx_14_0_arm64.whl", hash = "sha256:8c5713284ce4e282544c68d1c3b2c7161d38c256d2eefc93c1d683cf47683e66"},
    {file = "numpy-2.0.2-cp310-cp310-macosx_14_0_x86_64.whl", hash = "sha256:becfae3ddd30736fe1889a37f1f580e245ba79a5855bff5f2a29cb3ccc22dd7b"},
    {file = "numpy-2.0.2-cp310-cp310-manylinux_2_17_aarch64.manylinux2014_aarch64.whl", hash = "sha256:2da5960c3cf0df7eafefd806d4e612c5e19358de82cb3c343631188991566ccd"},
    {file = "numpy-2.0.2-cp310-cp310-manylinux_2_17_x86_64.manylinux2014_x86_64.whl", hash = "sha256:496f71341824ed9f3d2fd36cf3ac57ae2e0165c143b55c3a035ee219413f3318"},
    {file = "numpy-2.0.2-cp310-cp310-musllinux_1_1_x86_64.whl", hash = "sha256:a61ec659f68ae254e4d237816e33171497e978140353c0c2038d46e63282d0c8"},
    {file = "numpy-2.0.2-cp310-cp310-musllinux_1_2_aarch64.whl", hash = "sha256:d731a1c6116ba289c1e9ee714b08a8ff882944d4ad631fd411106a30f083c326"},
    {file = "numpy-2.0.2-cp310-cp310-win32.whl", hash = "sha256:984d96121c9f9616cd33fbd0618b7f08e0cfc9600a7ee1d6fd9b239186d19d97"},
    {file = "numpy-2.0.2-cp310-cp310-win_amd64.whl", hash = "sha256:c7b0be4ef08607dd04da4092faee0b86607f111d5ae68036f16cc787e250a131"},
    {file = "numpy-2.0.2-cp311-cp311-macosx_10_9_x86_64.whl", hash = "sha256:49ca4decb342d66018b01932139c0961a8f9ddc7589611158cb3c27cbcf76448"},
    {file = "numpy-2.0.2-cp311-cp311-macosx_11_0_arm64.whl", hash = "sha256:11a76c372d1d37437857280aa142086476136a8c0f373b2e648ab2c8f18fb195"},
    {file = "numpy-2.0.2-cp311-cp311-macosx_14_0_arm64.whl", hash = "sha256:807ec44583fd708a21d4a11d94aedf2f4f3c3719035c76a2bbe1fe8e217bdc57"},
    {file = "numpy-2.0.2-cp311-cp311-macosx_14_0_x86_64.whl", hash = "sha256:8cafab480740e22f8d833acefed5cc87ce276f4ece12fdaa2e8903db2f82897a"},
    {file = "numpy-2.0.2-cp311-cp311-manylinux_2_17_aarch64.manylinux2014_aarch64.whl", hash = "sha256:a15f476a45e6e5a3a79d8a14e62161d27ad897381fecfa4a09ed5322f2085669"},
    {file = "numpy-2.0.2-cp311-cp311-manylinux_2_17_x86_64.manylinux2014_x86_64.whl", hash = "sha256:13e689d772146140a252c3a28501da66dfecd77490b498b168b501835041f951"},
    {file = "numpy-2.0.2-cp311-cp311-musllinux_1_1_x86_64.whl", hash = "sha256:9ea91dfb7c3d1c56a0e55657c0afb38cf1eeae4544c208dc465c3c9f3a7c09f9"},
    {file = "numpy-2.0.2-cp311-cp311-musllinux_1_2_aarch64.whl", hash = "sha256:c1c9307701fec8f3f7a1e6711f9089c06e6284b3afbbcd259f7791282d660a15"},
    {file = "numpy-2.0.2-cp311-cp311-win32.whl", hash = "sha256:a392a68bd329eafac5817e5aefeb39038c48b671afd242710b451e76090e81f4"},
    {file = "numpy-2.0.2-cp311-cp311-win_amd64.whl", hash = "sha256:286cd40ce2b7d652a6f22efdfc6d1edf879440e53e76a75955bc0c826c7e64dc"},
    {file = "numpy-2.0.2-cp312-cp312-macosx_10_9_x86_64.whl", hash = "sha256:df55d490dea7934f330006d0f81e8551ba6010a5bf035a249ef61a94f21c500b"},
    {file = "numpy-2.0.2-cp312-cp312-macosx_11_0_arm64.whl", hash = "sha256:8df823f570d9adf0978347d1f926b2a867d5608f434a7cff7f7908c6570dcf5e"},
    {file = "numpy-2.0.2-cp312-cp312-macosx_14_0_arm64.whl", hash = "sha256:9a92ae5c14811e390f3767053ff54eaee3bf84576d99a2456391401323f4ec2c"},
    {file = "numpy-2.0.2-cp312-cp312-macosx_14_0_x86_64.whl", hash = "sha256:a842d573724391493a97a62ebbb8e731f8a5dcc5d285dfc99141ca15a3302d0c"},
    {file = "numpy-2.0.2-cp312-cp312-manylinux_2_17_aarch64.manylinux2014_aarch64.whl", hash = "sha256:c05e238064fc0610c840d1cf6a13bf63d7e391717d247f1bf0318172e759e692"},
    {file = "numpy-2.0.2-cp312-cp312-manylinux_2_17_x86_64.manylinux2014_x86_64.whl", hash = "sha256:0123ffdaa88fa4ab64835dcbde75dcdf89c453c922f18dced6e27c90d1d0ec5a"},
    {file = "numpy-2.0.2-cp312-cp312-musllinux_1_1_x86_64.whl", hash = "sha256:96a55f64139912d61de9137f11bf39a55ec8faec288c75a54f93dfd39f7eb40c"},
    {file = "numpy-2.0.2-cp312-cp312-musllinux_1_2_aarch64.whl", hash = "sha256:ec9852fb39354b5a45a80bdab5ac02dd02b15f44b3804e9f00c556bf24b4bded"},
    {file = "numpy-2.0.2-cp312-cp312-win32.whl", hash = "sha256:671bec6496f83202ed2d3c8fdc486a8fc86942f2e69ff0e986140339a63bcbe5"},
    {file = "numpy-2.0.2-cp312-cp312-win_amd64.whl", hash = "sha256:cfd41e13fdc257aa5778496b8caa5e856dc4896d4ccf01841daee1d96465467a"},
    {file = "numpy-2.0.2-cp39-cp39-macosx_10_9_x86_64.whl", hash = "sha256:9059e10581ce4093f735ed23f3b9d283b9d517ff46009ddd485f1747eb22653c"},
    {file = "numpy-2.0.2-cp39-cp39-macosx_11_0_arm64.whl", hash = "sha256:423e89b23490805d2a5a96fe40ec507407b8ee786d66f7328be214f9679df6dd"},
    {file = "numpy-2.0.2-cp39-cp39-macosx_14_0_arm64.whl", hash = "sha256:2b2955fa6f11907cf7a70dab0d0755159bca87755e831e47932367fc8f2f2d0b"},
    {file = "numpy-2.0.2-cp39-cp39-macosx_14_0_x86_64.whl", hash = "sha256:97032a27bd9d8988b9a97a8c4d2c9f2c15a81f61e2f21404d7e8ef00cb5be729"},
    {file = "numpy-2.0.2-cp39-cp39-manylinux_2_17_aarch64.manylinux2014_aarch64.whl", hash = "sha256:1e795a8be3ddbac43274f18588329c72939870a16cae810c2b73461c40718ab1"},
    {file = "numpy-2.0.2-cp39-cp39-manylinux_2_17_x86_64.manylinux2014_x86_64.whl", hash = "sha256:f26b258c385842546006213344c50655ff1555a9338e2e5e02a0756dc3e803dd"},
    {file = "numpy-2.0.2-cp39-cp39-musllinux_1_1_x86_64.whl", hash = "sha256:5fec9451a7789926bcf7c2b8d187292c9f93ea30284802a0ab3f5be8ab36865d"},
    {file = "numpy-2.0.2-cp39-cp39-musllinux_1_2_aarch64.whl", hash = "sha256:9189427407d88ff25ecf8f12469d4d39d35bee1db5d39fc5c168c6f088a6956d"},
    {file = "numpy-2.0.2-cp39-cp39-win32.whl", hash = "sha256:905d16e0c60200656500c95b6b8dca5d109e23cb24abc701d41c02d74c6b3afa"},
    {file = "numpy-2.0.2-cp39-cp39-win_amd64.whl", hash = "sha256:a3f4ab0caa7f053f6797fcd4e1e25caee367db3112ef2b6ef82d749530768c73"},
    {file = "numpy-2.0.2-pp39-pypy39_pp73-macosx_10_9_x86_64.whl", hash = "sha256:7f0a0c6f12e07fa94133c8a67404322845220c06a9e80e85999afe727f7438b8"},
    {file = "numpy-2.0.2-pp39-pypy39_pp73-macosx_14_0_x86_64.whl", hash = "sha256:312950fdd060354350ed123c0e25a71327d3711584beaef30cdaa93320c392d4"},
    {file = "numpy-2.0.2-pp39-pypy39_pp73-manylinux_2_17_x86_64.manylinux2014_x86_64.whl", hash = "sha256:26df23238872200f63518dd2aa984cfca675d82469535dc7162dc2ee52d9dd5c"},
    {file = "numpy-2.0.2-pp39-pypy39_pp73-win_amd64.whl", hash = "sha256:a46288ec55ebbd58947d31d72be2c63cbf839f0a63b49cb755022310792a3385"},
    {file = "numpy-2.0.2.tar.gz", hash = "sha256:883c987dee1880e2a864ab0dc9892292582510604156762362d9326444636e78"},
]

[[package]]
name = "packaging"
version = "23.2"
description = "Core utilities for Python packages"
optional = false
python-versions = ">=3.7"
groups = ["dev"]
files = [
    {file = "packaging-23.2-py3-none-any.whl", hash = "sha256:8c491190033a9af7e1d931d0b5dacc2ef47509b34dd0de67ed209b5203fc88c7"},
    {file = "packaging-23.2.tar.gz", hash = "sha256:048fb0e9405036518eaaf48a55953c750c11e1a1b68e0dd1a9d62ed0c092cfc5"},
]

[[package]]
name = "platformdirs"
version = "4.0.0"
description = "A small Python package for determining appropriate platform-specific dirs, e.g. a \"user data dir\"."
optional = false
python-versions = ">=3.7"
groups = ["dev"]
files = [
    {file = "platformdirs-4.0.0-py3-none-any.whl", hash = "sha256:118c954d7e949b35437270383a3f2531e99dd93cf7ce4dc8340d3356d30f173b"},
    {file = "platformdirs-4.0.0.tar.gz", hash = "sha256:cb633b2bcf10c51af60beb0ab06d2f1d69064b43abf4c185ca6b28865f3f9731"},
]

[package.extras]
docs = ["furo (>=2023.7.26)", "proselint (>=0.13)", "sphinx (>=7.1.1)", "sphinx-autodoc-typehints (>=1.24)"]
test = ["appdirs (==1.4.4)", "covdefaults (>=2.3)", "pytest (>=7.4)", "pytest-cov (>=4.1)", "pytest-mock (>=3.11.1)"]

[[package]]
name = "pluggy"
version = "1.5.0"
description = "plugin and hook calling mechanisms for python"
optional = false
python-versions = ">=3.8"
groups = ["dev"]
files = [
    {file = "pluggy-1.5.0-py3-none-any.whl", hash = "sha256:44e1ad92c8ca002de6377e165f3e0f1be63266ab4d554740532335b9d75ea669"},
    {file = "pluggy-1.5.0.tar.gz", hash = "sha256:2cffa88e94fdc978c4c574f15f9e59b7f4201d439195c3715ca9e2486f1d0cf1"},
]

[package.extras]
dev = ["pre-commit", "tox"]
testing = ["pytest", "pytest-benchmark"]

[[package]]
name = "pre-commit"
version = "4.4.0"
description = "A framework for managing and maintaining multi-language pre-commit hooks."
optional = false
python-versions = ">=3.10"
groups = ["dev"]
files = [
    {file = "pre_commit-4.4.0-py2.py3-none-any.whl", hash = "sha256:b35ea52957cbf83dcc5d8ee636cbead8624e3a15fbfa61a370e42158ac8a5813"},
    {file = "pre_commit-4.4.0.tar.gz", hash = "sha256:f0233ebab440e9f17cabbb558706eb173d19ace965c68cdce2c081042b4fab15"},
]

[package.dependencies]
cfgv = ">=2.0.0"
identify = ">=1.0.0"
nodeenv = ">=0.11.1"
pyyaml = ">=5.1"
virtualenv = ">=20.10.0"

[[package]]
name = "pygments"
version = "2.19.1"
description = "Pygments is a syntax highlighting package written in Python."
optional = false
python-versions = ">=3.8"
groups = ["dev"]
files = [
    {file = "pygments-2.19.1-py3-none-any.whl", hash = "sha256:9ea1544ad55cecf4b8242fab6dd35a93bbce657034b0611ee383099054ab6d8c"},
    {file = "pygments-2.19.1.tar.gz", hash = "sha256:61c16d2a8576dc0649d9f39e089b5f02bcd27fba10d8fb4dcc28173f7a45151f"},
]

[package.extras]
windows-terminal = ["colorama (>=0.4.6)"]

[[package]]
name = "pytest"
version = "9.0.0"
description = "pytest: simple powerful testing with Python"
optional = false
python-versions = ">=3.10"
groups = ["dev"]
files = [
    {file = "pytest-9.0.0-py3-none-any.whl", hash = "sha256:e5ccdf10b0bac554970ee88fc1a4ad0ee5d221f8ef22321f9b7e4584e19d7f96"},
    {file = "pytest-9.0.0.tar.gz", hash = "sha256:8f44522eafe4137b0f35c9ce3072931a788a21ee40a2ed279e817d3cc16ed21e"},
]

[package.dependencies]
colorama = {version = ">=0.4", markers = "sys_platform == \"win32\""}
exceptiongroup = {version = ">=1", markers = "python_version < \"3.11\""}
iniconfig = ">=1.0.1"
packaging = ">=22"
pluggy = ">=1.5,<2"
pygments = ">=2.7.2"
tomli = {version = ">=1", markers = "python_version < \"3.11\""}

[package.extras]
dev = ["argcomplete", "attrs (>=19.2)", "hypothesis (>=3.56)", "mock", "requests", "setuptools", "xmlschema"]

[[package]]
name = "pyyaml"
version = "6.0.1"
description = "YAML parser and emitter for Python"
optional = false
python-versions = ">=3.6"
groups = ["dev"]
files = [
    {file = "PyYAML-6.0.1-cp310-cp310-macosx_10_9_x86_64.whl", hash = "sha256:d858aa552c999bc8a8d57426ed01e40bef403cd8ccdd0fc5f6f04a00414cac2a"},
    {file = "PyYAML-6.0.1-cp310-cp310-macosx_11_0_arm64.whl", hash = "sha256:fd66fc5d0da6d9815ba2cebeb4205f95818ff4b79c3ebe268e75d961704af52f"},
    {file = "PyYAML-6.0.1-cp310-cp310-manylinux_2_17_aarch64.manylinux2014_aarch64.whl", hash = "sha256:69b023b2b4daa7548bcfbd4aa3da05b3a74b772db9e23b982788168117739938"},
    {file = "PyYAML-6.0.1-cp310-cp310-manylinux_2_17_s390x.manylinux2014_s390x.whl", hash = "sha256:81e0b275a9ecc9c0c0c07b4b90ba548307583c125f54d5b6946cfee6360c733d"},
    {file = "PyYAML-6.0.1-cp310-cp310-manylinux_2_17_x86_64.manylinux2014_x86_64.whl", hash = "sha256:ba336e390cd8e4d1739f42dfe9bb83a3cc2e80f567d8805e11b46f4a943f5515"},
    {file = "PyYAML-6.0.1-cp310-cp310-musllinux_1_1_x86_64.whl", hash = "sha256:326c013efe8048858a6d312ddd31d56e468118ad4cdeda36c719bf5bb6192290"},
    {file = "PyYAML-6.0.1-cp310-cp310-win32.whl", hash = "sha256:bd4af7373a854424dabd882decdc5579653d7868b8fb26dc7d0e99f823aa5924"},
    {file = "PyYAML-6.0.1-cp310-cp310-win_amd64.whl", hash = "sha256:fd1592b3fdf65fff2ad0004b5e363300ef59ced41c2e6b3a99d4089fa8c5435d"},
    {file = "PyYAML-6.0.1-cp311-cp311-macosx_10_9_x86_64.whl", hash = "sha256:6965a7bc3cf88e5a1c3bd2e0b5c22f8d677dc88a455344035f03399034eb3007"},
    {file = "PyYAML-6.0.1-cp311-cp311-macosx_11_0_arm64.whl", hash = "sha256:f003ed9ad21d6a4713f0a9b5a7a0a79e08dd0f221aff4525a2be4c346ee60aab"},
    {file = "PyYAML-6.0.1-cp311-cp311-manylinux_2_17_aarch64.manylinux2014_aarch64.whl", hash = "sha256:42f8152b8dbc4fe7d96729ec2b99c7097d656dc1213a3229ca5383f973a5ed6d"},
    {file = "PyYAML-6.0.1-cp311-cp311-manylinux_2_17_s390x.manylinux2014_s390x.whl", hash = "sha256:062582fca9fabdd2c8b54a3ef1c978d786e0f6b3a1510e0ac93ef59e0ddae2bc"},
    {file = "PyYAML-6.0.1-cp311-cp311-manylinux_2_17_x86_64.manylinux2014_x86_64.whl", hash = "sha256:d2b04aac4d386b172d5b9692e2d2da8de7bfb6c387fa4f801fbf6fb2e6ba4673"},
    {file = "PyYAML-6.0.1-cp311-cp311-musllinux_1_1_x86_64.whl", hash = "sha256:e7d73685e87afe9f3b36c799222440d6cf362062f78be1013661b00c5c6f678b"},
    {file = "PyYAML-6.0.1-cp311-cp311-win32.whl", hash = "sha256:1635fd110e8d85d55237ab316b5b011de701ea0f29d07611174a1b42f1444741"},
    {file = "PyYAML-6.0.1-cp311-cp311-win_amd64.whl", hash = "sha256:bf07ee2fef7014951eeb99f56f39c9bb4af143d8aa3c21b1677805985307da34"},
    {file = "PyYAML-6.0.1-cp312-cp312-macosx_10_9_x86_64.whl", hash = "sha256:855fb52b0dc35af121542a76b9a84f8d1cd886ea97c84703eaa6d88e37a2ad28"},
    {file = "PyYAML-6.0.1-cp312-cp312-macosx_11_0_arm64.whl", hash = "sha256:40df9b996c2b73138957fe23a16a4f0ba614f4c0efce1e9406a184b6d07fa3a9"},
    {file = "PyYAML-6.0.1-cp312-cp312-manylinux_2_17_aarch64.manylinux2014_aarch64.whl", hash = "sha256:a08c6f0fe150303c1c6b71ebcd7213c2858041a7e01975da3a99aed1e7a378ef"},
    {file = "PyYAML-6.0.1-cp312-cp312-manylinux_2_17_x86_64.manylinux2014_x86_64.whl", hash = "sha256:6c22bec3fbe2524cde73d7ada88f6566758a8f7227bfbf93a408a9d86bcc12a0"},
    {file = "PyYAML-6.0.1-cp312-cp312-musllinux_1_1_x86_64.whl", hash = "sha256:8d4e9c88387b0f5c7d5f281e55304de64cf7f9c0021a3525bd3b1c542da3b0e4"},
    {file = "PyYAML-6.0.1-cp312-cp312-win32.whl", hash = "sha256:d483d2cdf104e7c9fa60c544d92981f12ad66a457afae824d146093b8c294c54"},
    {file = "PyYAML-6.0.1-cp312-cp312-win_amd64.whl", hash = "sha256:0d3304d8c0adc42be59c5f8a4d9e3d7379e6955ad754aa9d6ab7a398b59dd1df"},
    {file = "PyYAML-6.0.1-cp36-cp36m-macosx_10_9_x86_64.whl", hash = "sha256:50550eb667afee136e9a77d6dc71ae76a44df8b3e51e41b77f6de2932bfe0f47"},
    {file = "PyYAML-6.0.1-cp36-cp36m-manylinux_2_17_aarch64.manylinux2014_aarch64.whl", hash = "sha256:1fe35611261b29bd1de0070f0b2f47cb6ff71fa6595c077e42bd0c419fa27b98"},
    {file = "PyYAML-6.0.1-cp36-cp36m-manylinux_2_17_s390x.manylinux2014_s390x.whl", hash = "sha256:704219a11b772aea0d8ecd7058d0082713c3562b4e271b849ad7dc4a5c90c13c"},
    {file = "PyYAML-6.0.1-cp36-cp36m-manylinux_2_17_x86_64.manylinux2014_x86_64.whl", hash = "sha256:afd7e57eddb1a54f0f1a974bc4391af8bcce0b444685d936840f125cf046d5bd"},
    {file = "PyYAML-6.0.1-cp36-cp36m-win32.whl", hash = "sha256:fca0e3a251908a499833aa292323f32437106001d436eca0e6e7833256674585"},
    {file = "PyYAML-6.0.1-cp36-cp36m-win_amd64.whl", hash = "sha256:f22ac1c3cac4dbc50079e965eba2c1058622631e526bd9afd45fedd49ba781fa"},
    {file = "PyYAML-6.0.1-cp37-cp37m-macosx_10_9_x86_64.whl", hash = "sha256:b1275ad35a5d18c62a7220633c913e1b42d44b46ee12554e5fd39c70a243d6a3"},
    {file = "PyYAML-6.0.1-cp37-cp37m-manylinux_2_17_aarch64.manylinux2014_aarch64.whl", hash = "sha256:18aeb1bf9a78867dc38b259769503436b7c72f7a1f1f4c93ff9a17de54319b27"},
    {file = "PyYAML-6.0.1-cp37-cp37m-manylinux_2_17_s390x.manylinux2014_s390x.whl", hash = "sha256:596106435fa6ad000c2991a98fa58eeb8656ef2325d7e158344fb33864ed87e3"},
    {file = "PyYAML-6.0.1-cp37-cp37m-manylinux_2_17_x86_64.manylinux2014_x86_64.whl", hash = "sha256:baa90d3f661d43131ca170712d903e6295d1f7a0f595074f151c0aed377c9b9c"},
    {file = "PyYAML-6.0.1-cp37-cp37m-win32.whl", hash = "sha256:9046c58c4395dff28dd494285c82ba00b546adfc7ef001486fbf0324bc174fba"},
    {file = "PyYAML-6.0.1-cp37-cp37m-win_amd64.whl", hash = "sha256:4fb147e7a67ef577a588a0e2c17b6db51dda102c71de36f8549b6816a96e1867"},
    {file = "PyYAML-6.0.1-cp38-cp38-macosx_10_9_x86_64.whl", hash = "sha256:1d4c7e777c441b20e32f52bd377e0c409713e8bb1386e1099c2415f26e479595"},
    {file = "PyYAML-6.0.1-cp38-cp38-manylinux_2_17_aarch64.manylinux2014_aarch64.whl", hash = "sha256:a0cd17c15d3bb3fa06978b4e8958dcdc6e0174ccea823003a106c7d4d7899ac5"},
    {file = "PyYAML-6.0.1-cp38-cp38-manylinux_2_17_s390x.manylinux2014_s390x.whl", hash = "sha256:28c119d996beec18c05208a8bd78cbe4007878c6dd15091efb73a30e90539696"},
    {file = "PyYAML-6.0.1-cp38-cp38-manylinux_2_17_x86_64.manylinux2014_x86_64.whl", hash = "sha256:7e07cbde391ba96ab58e532ff4803f79c4129397514e1413a7dc761ccd755735"},
    {file = "PyYAML-6.0.1-cp38-cp38-musllinux_1_1_x86_64.whl", hash = "sha256:49a183be227561de579b4a36efbb21b3eab9651dd81b1858589f796549873dd6"},
    {file = "PyYAML-6.0.1-cp38-cp38-win32.whl", hash = "sha256:184c5108a2aca3c5b3d3bf9395d50893a7ab82a38004c8f61c258d4428e80206"},
    {file = "PyYAML-6.0.1-cp38-cp38-win_amd64.whl", hash = "sha256:1e2722cc9fbb45d9b87631ac70924c11d3a401b2d7f410cc0e3bbf249f2dca62"},
    {file = "PyYAML-6.0.1-cp39-cp39-macosx_10_9_x86_64.whl", hash = "sha256:9eb6caa9a297fc2c2fb8862bc5370d0303ddba53ba97e71f08023b6cd73d16a8"},
    {file = "PyYAML-6.0.1-cp39-cp39-macosx_11_0_arm64.whl", hash = "sha256:c8098ddcc2a85b61647b2590f825f3db38891662cfc2fc776415143f599bb859"},
    {file = "PyYAML-6.0.1-cp39-cp39-manylinux_2_17_aarch64.manylinux2014_aarch64.whl", hash = "sha256:5773183b6446b2c99bb77e77595dd486303b4faab2b086e7b17bc6bef28865f6"},
    {file = "PyYAML-6.0.1-cp39-cp39-manylinux_2_17_s390x.manylinux2014_s390x.whl", hash = "sha256:b786eecbdf8499b9ca1d697215862083bd6d2a99965554781d0d8d1ad31e13a0"},
    {file = "PyYAML-6.0.1-cp39-cp39-manylinux_2_17_x86_64.manylinux2014_x86_64.whl", hash = "sha256:bc1bf2925a1ecd43da378f4db9e4f799775d6367bdb94671027b73b393a7c42c"},
    {file = "PyYAML-6.0.1-cp39-cp39-musllinux_1_1_x86_64.whl", hash = "sha256:04ac92ad1925b2cff1db0cfebffb6ffc43457495c9b3c39d3fcae417d7125dc5"},
    {file = "PyYAML-6.0.1-cp39-cp39-win32.whl", hash = "sha256:faca3bdcf85b2fc05d06ff3fbc1f83e1391b3e724afa3feba7d13eeab355484c"},
    {file = "PyYAML-6.0.1-cp39-cp39-win_amd64.whl", hash = "sha256:510c9deebc5c0225e8c96813043e62b680ba2f9c50a08d3724c7f28a747d1486"},
    {file = "PyYAML-6.0.1.tar.gz", hash = "sha256:bfdf460b1736c775f2ba9f6a92bca30bc2095067b8a9d77876d1fad6cc3b4a43"},
]

[[package]]
name = "scipy"
version = "1.15.3"
description = "Fundamental algorithms for scientific computing in Python"
optional = false
python-versions = ">=3.10"
groups = ["main"]
files = [
    {file = "scipy-1.15.3-cp310-cp310-macosx_10_13_x86_64.whl", hash = "sha256:a345928c86d535060c9c2b25e71e87c39ab2f22fc96e9636bd74d1dbf9de448c"},
    {file = "scipy-1.15.3-cp310-cp310-macosx_12_0_arm64.whl", hash = "sha256:ad3432cb0f9ed87477a8d97f03b763fd1d57709f1bbde3c9369b1dff5503b253"},
    {file = "scipy-1.15.3-cp310-cp310-macosx_14_0_arm64.whl", hash = "sha256:aef683a9ae6eb00728a542b796f52a5477b78252edede72b8327a886ab63293f"},
    {file = "scipy-1.15.3-cp310-cp310-macosx_14_0_x86_64.whl", hash = "sha256:1c832e1bd78dea67d5c16f786681b28dd695a8cb1fb90af2e27580d3d0967e92"},
    {file = "scipy-1.15.3-cp310-cp310-manylinux_2_17_aarch64.manylinux2014_aarch64.whl", hash = "sha256:263961f658ce2165bbd7b99fa5135195c3a12d9bef045345016b8b50c315cb82"},
    {file = "scipy-1.15.3-cp310-cp310-manylinux_2_17_x86_64.manylinux2014_x86_64.whl", hash = "sha256:9e2abc762b0811e09a0d3258abee2d98e0c703eee49464ce0069590846f31d40"},
    {file = "scipy-1.15.3-cp310-cp310-musllinux_1_2_aarch64.whl", hash = "sha256:ed7284b21a7a0c8f1b6e5977ac05396c0d008b89e05498c8b7e8f4a1423bba0e"},
    {file = "scipy-1.15.3-cp310-cp310-musllinux_1_2_x86_64.whl", hash = "sha256:5380741e53df2c566f4d234b100a484b420af85deb39ea35a1cc1be84ff53a5c"},
    {file = "scipy-1.15.3-cp310-cp310-win_amd64.whl", hash = "sha256:9d61e97b186a57350f6d6fd72640f9e99d5a4a2b8fbf4b9ee9a841eab327dc13"},
    {file = "scipy-1.15.3-cp311-cp311-macosx_10_13_x86_64.whl", hash = "sha256:993439ce220d25e3696d1b23b233dd010169b62f6456488567e830654ee37a6b"},
    {file = "scipy-1.15.3-cp311-cp311-macosx_12_0_arm64.whl", hash = "sha256:34716e281f181a02341ddeaad584205bd2fd3c242063bd3423d61ac259ca7eba"},
    {file = "scipy-1.15.3-cp311-cp311-macosx_14_0_arm64.whl", hash = "sha256:3b0334816afb8b91dab859281b1b9786934392aa3d527cd847e41bb6f45bee65"},
    {file = "scipy-1.15.3-cp311-cp311-macosx_14_0_x86_64.whl", hash = "sha256:6db907c7368e3092e24919b5e31c76998b0ce1684d51a90943cb0ed1b4ffd6c1"},
    {file = "scipy-1.15.3-cp311-cp311-manylinux_2_17_aarch64.manylinux2014_aarch64.whl", hash = "sha256:721d6b4ef5dc82ca8968c25b111e307083d7ca9091bc38163fb89243e85e3889"},
    {file = "scipy-1.15.3-cp311-cp311-manylinux_2_17_x86_64.manylinux2014_x86_64.whl", hash = "sha256:39cb9c62e471b1bb3750066ecc3a3f3052b37751c7c3dfd0fd7e48900ed52982"},
    {file = "scipy-1.15.3-cp311-cp311-musllinux_1_2_aarch64.whl", hash = "sha256:795c46999bae845966368a3c013e0e00947932d68e235702b5c3f6ea799aa8c9"},
    {file = "scipy-1.15.3-cp311-cp311-musllinux_1_2_x86_64.whl", hash = "sha256:18aaacb735ab38b38db42cb01f6b92a2d0d4b6aabefeb07f02849e47f8fb3594"},
    {file = "scipy-1.15.3-cp311-cp311-win_amd64.whl", hash = "sha256:ae48a786a28412d744c62fd7816a4118ef97e5be0bee968ce8f0a2fba7acf3bb"},
    {file = "scipy-1.15.3-cp312-cp312-macosx_10_13_x86_64.whl", hash = "sha256:6ac6310fdbfb7aa6612408bd2f07295bcbd3fda00d2d702178434751fe48e019"},
    {file = "scipy-1.15.3-cp312-cp312-macosx_12_0_arm64.whl", hash = "sha256:185cd3d6d05ca4b44a8f1595af87f9c372bb6acf9c808e99aa3e9aa03bd98cf6"},
    {file = "scipy-1.15.3-cp312-cp312-macosx_14_0_arm64.whl", hash = "sha256:05dc6abcd105e1a29f95eada46d4a3f251743cfd7d3ae8ddb4088047f24ea477"},
    {file = "scipy-1.15.3-cp312-cp312-macosx_14_0_x86_64.whl", hash = "sha256:06efcba926324df1696931a57a176c80848ccd67ce6ad020c810736bfd58eb1c"},
    {file = "scipy-1.15.3-cp312-cp312-manylinux_2_17_aarch64.manylinux2014_aarch64.whl", hash = "sha256:c05045d8b9bfd807ee1b9f38761993297b10b245f012b11b13b91ba8945f7e45"},
    {file = "scipy-1.15.3-cp312-cp312-manylinux_2_17_x86_64.manylinux2014_x86_64.whl", hash = "sha256:271e3713e645149ea5ea3e97b57fdab61ce61333f97cfae392c28ba786f9bb49"},
    {file = "scipy-1.15.3-cp312-cp312-musllinux_1_2_aarch64.whl", hash = "sha256:6cfd56fc1a8e53f6e89ba3a7a7251f7396412d655bca2aa5611c8ec9a6784a1e"},
    {file = "scipy-1.15.3-cp312-cp312-musllinux_1_2_x86_64.whl", hash = "sha256:0ff17c0bb1cb32952c09217d8d1eed9b53d1463e5f1dd6052c7857f83127d539"},
    {file = "scipy-1.15.3-cp312-cp312-win_amd64.whl", hash = "sha256:52092bc0472cfd17df49ff17e70624345efece4e1a12b23783a1ac59a1b728ed"},
    {file = "scipy-1.15.3-cp313-cp313-macosx_10_13_x86_64.whl", hash = "sha256:2c620736bcc334782e24d173c0fdbb7590a0a436d2fdf39310a8902505008759"},
    {file = "scipy-1.15.3-cp313-cp313-macosx_12_0_arm64.whl", hash = "sha256:7e11270a000969409d37ed399585ee530b9ef6aa99d50c019de4cb01e8e54e62"},
    {file = "scipy-1.15.3-cp313-cp313-macosx_14_0_arm64.whl", hash = "sha256:8c9ed3ba2c8a2ce098163a9bdb26f891746d02136995df25227a20e71c396ebb"},
    {file = "scipy-1.15.3-cp313-cp313-macosx_14_0_x86_64.whl", hash = "sha256:0bdd905264c0c9cfa74a4772cdb2070171790381a5c4d312c973382fc6eaf730"},
    {file = "scipy-1.15.3-cp313-cp313-manylinux_2_17_aarch64.manylinux2014_aarch64.whl", hash = "sha256:79167bba085c31f38603e11a267d862957cbb3ce018d8b38f79ac043bc92d825"},
    {file = "scipy-1.15.3-cp313-cp313-manylinux_2_17_x86_64.manylinux2014_x86_64.whl", hash = "sha256:c9deabd6d547aee2c9a81dee6cc96c6d7e9a9b1953f74850c179f91fdc729cb7"},
    {file = "scipy-1.15.3-cp313-cp313-musllinux_1_2_aarch64.whl", hash = "sha256:dde4fc32993071ac0c7dd2d82569e544f0bdaff66269cb475e0f369adad13f11"},
    {file = "scipy-1.15.3-cp313-cp313-musllinux_1_2_x86_64.whl", hash = "sha256:f77f853d584e72e874d87357ad70f44b437331507d1c311457bed8ed2b956126"},
    {file = "scipy-1.15.3-cp313-cp313-win_amd64.whl", hash = "sha256:b90ab29d0c37ec9bf55424c064312930ca5f4bde15ee8619ee44e69319aab163"},
    {file = "scipy-1.15.3-cp313-cp313t-macosx_10_13_x86_64.whl", hash = "sha256:3ac07623267feb3ae308487c260ac684b32ea35fd81e12845039952f558047b8"},
    {file = "scipy-1.15.3-cp313-cp313t-macosx_12_0_arm64.whl", hash = "sha256:6487aa99c2a3d509a5227d9a5e889ff05830a06b2ce08ec30df6d79db5fcd5c5"},
    {file = "scipy-1.15.3-cp313-cp313t-macosx_14_0_arm64.whl", hash = "sha256:50f9e62461c95d933d5c5ef4a1f2ebf9a2b4e83b0db374cb3f1de104d935922e"},
    {file = "scipy-1.15.3-cp313-cp313t-macosx_14_0_x86_64.whl", hash = "sha256:14ed70039d182f411ffc74789a16df3835e05dc469b898233a245cdfd7f162cb"},
    {file = "scipy-1.15.3-cp313-cp313t-manylinux_2_17_aarch64.manylinux2014_aarch64.whl", hash = "sha256:0a769105537aa07a69468a0eefcd121be52006db61cdd8cac8a0e68980bbb723"},
    {file = "scipy-1.15.3-cp313-cp313t-manylinux_2_17_x86_64.manylinux2014_x86_64.whl", hash = "sha256:9db984639887e3dffb3928d118145ffe40eff2fa40cb241a306ec57c219ebbbb"},
    {file = "scipy-1.15.3-cp313-cp313t-musllinux_1_2_aarch64.whl", hash = "sha256:40e54d5c7e7ebf1aa596c374c49fa3135f04648a0caabcb66c52884b943f02b4"},
    {file = "scipy-1.15.3-cp313-cp313t-musllinux_1_2_x86_64.whl", hash = "sha256:5e721fed53187e71d0ccf382b6bf977644c533e506c4d33c3fb24de89f5c3ed5"},
    {file = "scipy-1.15.3-cp313-cp313t-win_amd64.whl", hash = "sha256:76ad1fb5f8752eabf0fa02e4cc0336b4e8f021e2d5f061ed37d6d264db35e3ca"},
    {file = "scipy-1.15.3.tar.gz", hash = "sha256:eae3cf522bc7df64b42cad3925c876e1b0b6c35c1337c93e12c0f366f55b0eaf"},
]

[package.dependencies]
numpy = ">=1.23.5,<2.5"

[package.extras]
dev = ["cython-lint (>=0.12.2)", "doit (>=0.36.0)", "mypy (==1.10.0)", "pycodestyle", "pydevtool", "rich-click", "ruff (>=0.0.292)", "types-psutil", "typing_extensions"]
doc = ["intersphinx_registry", "jupyterlite-pyodide-kernel", "jupyterlite-sphinx (>=0.19.1)", "jupytext", "matplotlib (>=3.5)", "myst-nb", "numpydoc", "pooch", "pydata-sphinx-theme (>=0.15.2)", "sphinx (>=5.0.0,<8.0.0)", "sphinx-copybutton", "sphinx-design (>=0.4.0)"]
test = ["Cython", "array-api-strict (>=2.0,<2.1.1)", "asv", "gmpy2", "hypothesis (>=6.30)", "meson", "mpmath", "ninja ; sys_platform != \"emscripten\"", "pooch", "pytest", "pytest-cov", "pytest-timeout", "pytest-xdist", "scikit-umfpack", "threadpoolctl"]

[[package]]
name = "setuptools"
version = "78.1.1"
description = "Easily download, build, install, upgrade, and uninstall Python packages"
optional = false
python-versions = ">=3.9"
groups = ["dev"]
files = [
    {file = "setuptools-78.1.1-py3-none-any.whl", hash = "sha256:c3a9c4211ff4c309edb8b8c4f1cbfa7ae324c4ba9f91ff254e3d305b9fd54561"},
    {file = "setuptools-78.1.1.tar.gz", hash = "sha256:fcc17fd9cd898242f6b4adfaca46137a9edef687f43e6f78469692a5e70d851d"},
]

[package.extras]
check = ["pytest-checkdocs (>=2.4)", "pytest-ruff (>=0.2.1) ; sys_platform != \"cygwin\"", "ruff (>=0.8.0) ; sys_platform != \"cygwin\""]
core = ["importlib_metadata (>=6) ; python_version < \"3.10\"", "jaraco.functools (>=4)", "jaraco.text (>=3.7)", "more_itertools", "more_itertools (>=8.8)", "packaging (>=24.2)", "platformdirs (>=4.2.2)", "tomli (>=2.0.1) ; python_version < \"3.11\"", "wheel (>=0.43.0)"]
cover = ["pytest-cov"]
doc = ["furo", "jaraco.packaging (>=9.3)", "jaraco.tidelift (>=1.4)", "pygments-github-lexers (==0.0.5)", "pyproject-hooks (!=1.1)", "rst.linker (>=1.9)", "sphinx (>=3.5)", "sphinx-favicon", "sphinx-inline-tabs", "sphinx-lint", "sphinx-notfound-page (>=1,<2)", "sphinx-reredirects", "sphinxcontrib-towncrier", "towncrier (<24.7)"]
enabler = ["pytest-enabler (>=2.2)"]
test = ["build[virtualenv] (>=1.0.3)", "filelock (>=3.4.0)", "ini2toml[lite] (>=0.14)", "jaraco.develop (>=7.21) ; python_version >= \"3.9\" and sys_platform != \"cygwin\"", "jaraco.envs (>=2.2)", "jaraco.path (>=3.7.2)", "jaraco.test (>=5.5)", "packaging (>=24.2)", "pip (>=19.1)", "pyproject-hooks (!=1.1)", "pytest (>=6,!=8.1.*)", "pytest-home (>=0.5)", "pytest-perf ; sys_platform != \"cygwin\"", "pytest-subprocess", "pytest-timeout", "pytest-xdist (>=3)", "tomli-w (>=1.0.0)", "virtualenv (>=13.0.0)", "wheel (>=0.44.0)"]
type = ["importlib_metadata (>=7.0.2) ; python_version < \"3.10\"", "jaraco.develop (>=7.21) ; sys_platform != \"cygwin\"", "mypy (==1.14.*)", "pytest-mypy"]

[[package]]
name = "tomli"
version = "2.0.1"
description = "A lil' TOML parser"
optional = false
python-versions = ">=3.7"
groups = ["dev"]
markers = "python_version == \"3.10\""
files = [
    {file = "tomli-2.0.1-py3-none-any.whl", hash = "sha256:939de3e7a6161af0c887ef91b7d41a53e7c5a1ca976325f429cb46ea9bc30ecc"},
    {file = "tomli-2.0.1.tar.gz", hash = "sha256:de526c12914f0c550d15924c62d72abc48d6fe7364aa87328337a31007fe8a4f"},
]

[[package]]
name = "virtualenv"
version = "20.26.6"
description = "Virtual Python Environment builder"
optional = false
python-versions = ">=3.7"
groups = ["dev"]
files = [
    {file = "virtualenv-20.26.6-py3-none-any.whl", hash = "sha256:7345cc5b25405607a624d8418154577459c3e0277f5466dd79c49d5e492995f2"},
    {file = "virtualenv-20.26.6.tar.gz", hash = "sha256:280aede09a2a5c317e409a00102e7077c6432c5a38f0ef938e643805a7ad2c48"},
]

[package.dependencies]
distlib = ">=0.3.7,<1"
filelock = ">=3.12.2,<4"
platformdirs = ">=3.9.1,<5"

[package.extras]
docs = ["furo (>=2023.7.26)", "proselint (>=0.13)", "sphinx (>=7.1.2,!=7.3)", "sphinx-argparse (>=0.4)", "sphinxcontrib-towncrier (>=0.2.1a0)", "towncrier (>=23.6)"]
test = ["covdefaults (>=2.3)", "coverage (>=7.2.7)", "coverage-enable-subprocess (>=1)", "flaky (>=3.7)", "packaging (>=23.1)", "pytest (>=7.4)", "pytest-env (>=0.8.2)", "pytest-freezer (>=0.4.8) ; platform_python_implementation == \"PyPy\" or platform_python_implementation == \"CPython\" and sys_platform == \"win32\" and python_version >= \"3.13\"", "pytest-mock (>=3.11.1)", "pytest-randomly (>=3.12)", "pytest-timeout (>=2.1)", "setuptools (>=68)", "time-machine (>=2.10) ; platform_python_implementation == \"CPython\""]

[metadata]
lock-version = "2.1"
python-versions = ">=3.10,<4.0"
content-hash = "74e0b033cc38ece0a8ff76038ae5c1de978925638b4140e726a36fd5ce10c550"
